{
  "name": "new_bytebits",
  "version": "1.0.0",
  "lockfileVersion": 1,
  "requires": true,
  "dependencies": {
    "browser-es-module-loader": {
      "version": "0.4.1",
      "resolved": "https://registry.npmjs.org/browser-es-module-loader/-/browser-es-module-loader-0.4.1.tgz",
      "integrity": "sha1-E4tH50qrO9I8dYHlNhiCSyCmadQ="
    },
    "typescript": {
      "version": "2.8.3",
      "resolved": "https://registry.npmjs.org/typescript/-/typescript-2.8.3.tgz",
      "integrity": "sha512-K7g15Bb6Ra4lKf7Iq2l/I5/En+hLIHmxWZGq3D4DIRNFxMNV6j2SHSvDOqs2tGd4UvD/fJvrwopzQXjLrT7Itw=="
    }
  }
}
